// !$*UTF8*$!
{
	archiveVersion = 1;
	classes = {
	};
	objectVersion = 50;
	objects = {

/* Begin PBXBuildFile section */
		7D079B80260C3FC400C30CA7 /* ImagesService.swift in Sources */ = {isa = PBXBuildFile; fileRef = 7D079B7F260C3FC400C30CA7 /* ImagesService.swift */; };
		7D379A57261A81B60087F41B /* ImagesServiceTests.swift in Sources */ = {isa = PBXBuildFile; fileRef = 7D379A56261A81B60087F41B /* ImagesServiceTests.swift */; };
		7D379A5F261A95630087F41B /* 00.jpeg in Resources */ = {isa = PBXBuildFile; fileRef = 7D379A5E261A95620087F41B /* 00.jpeg */; };
		7D53428A2614F40C005E8A15 /* NetworkServiceTests.swift in Sources */ = {isa = PBXBuildFile; fileRef = 7D5342892614F40C005E8A15 /* NetworkServiceTests.swift */; };
		7D53428D2614F6E9005E8A15 /* LoadingReusableView.swift in Sources */ = {isa = PBXBuildFile; fileRef = 7DAF0F7F2610FCC100750EEB /* LoadingReusableView.swift */; };
		7D5342902614F6F8005E8A15 /* CharacterCollectionCellDelegate.swift in Sources */ = {isa = PBXBuildFile; fileRef = 7DCA7C15260BCD0F0043C33B /* CharacterCollectionCellDelegate.swift */; };
		7D5342932614F703005E8A15 /* UIScrollViewExtension.swift in Sources */ = {isa = PBXBuildFile; fileRef = 7DD9C124260E5FA800B10D9A /* UIScrollViewExtension.swift */; };
		7D5342962614F70F005E8A15 /* ThreadSafeDictionary.swift in Sources */ = {isa = PBXBuildFile; fileRef = 7D5E37DE261358AA006A41FC /* ThreadSafeDictionary.swift */; };
		7D5342A426150095005E8A15 /* TestURLs.swift in Sources */ = {isa = PBXBuildFile; fileRef = 7D5342A326150095005E8A15 /* TestURLs.swift */; };
		7D5342AC261505C6005E8A15 /* CharactersPage1.json in Resources */ = {isa = PBXBuildFile; fileRef = 7D5342AB261505C6005E8A15 /* CharactersPage1.json */; };
		7D5579422606344B00CF5C7A /* AppDelegate.swift in Sources */ = {isa = PBXBuildFile; fileRef = 7D5579412606344B00CF5C7A /* AppDelegate.swift */; };
		7D55794B2606344C00CF5C7A /* Assets.xcassets in Resources */ = {isa = PBXBuildFile; fileRef = 7D55794A2606344C00CF5C7A /* Assets.xcassets */; };
		7D55794E2606344C00CF5C7A /* LaunchScreen.storyboard in Resources */ = {isa = PBXBuildFile; fileRef = 7D55794C2606344C00CF5C7A /* LaunchScreen.storyboard */; };
		7D5E37CA2612B823006A41FC /* Cache.swift in Sources */ = {isa = PBXBuildFile; fileRef = 7D5E37C92612B823006A41FC /* Cache.swift */; };
		7D5E37D926135893006A41FC /* Cache.swift in Sources */ = {isa = PBXBuildFile; fileRef = 7D5E37C92612B823006A41FC /* Cache.swift */; };
		7D5E37DF261358AA006A41FC /* ThreadSafeDictionary.swift in Sources */ = {isa = PBXBuildFile; fileRef = 7D5E37DE261358AA006A41FC /* ThreadSafeDictionary.swift */; };
		7D6288A22609248100F50CE1 /* CharactersCollectionPresenterTest.swift in Sources */ = {isa = PBXBuildFile; fileRef = 7D6288A12609248100F50CE1 /* CharactersCollectionPresenterTest.swift */; };
		7D6288A72609248F00F50CE1 /* CharactersListPresenterDelegate.swift in Sources */ = {isa = PBXBuildFile; fileRef = 7DB6D0B32606C59A00F704C7 /* CharactersListPresenterDelegate.swift */; };
		7D6288AA2609249300F50CE1 /* CharactersListPresenterProtocol.swift in Sources */ = {isa = PBXBuildFile; fileRef = 7DB6D0AF2606C57300F704C7 /* CharactersListPresenterProtocol.swift */; };
		7D6288AD2609249700F50CE1 /* CharactersListPresenter.swift in Sources */ = {isa = PBXBuildFile; fileRef = 7DB6D0A62606B58900F704C7 /* CharactersListPresenter.swift */; };
		7D6288B926093BCF00F50CE1 /* CharacterFilterViewController.swift in Sources */ = {isa = PBXBuildFile; fileRef = 7D6288B826093BCF00F50CE1 /* CharacterFilterViewController.swift */; };
		7D6288C6260942F200F50CE1 /* FilterProtocol.swift in Sources */ = {isa = PBXBuildFile; fileRef = 7D6288C5260942F200F50CE1 /* FilterProtocol.swift */; };
		7D6288CB2609465900F50CE1 /* FilterProtocol.swift in Sources */ = {isa = PBXBuildFile; fileRef = 7D6288C5260942F200F50CE1 /* FilterProtocol.swift */; };
		7D6288CF260946A800F50CE1 /* FilterProtocolTests.swift in Sources */ = {isa = PBXBuildFile; fileRef = 7D6288CE260946A800F50CE1 /* FilterProtocolTests.swift */; };
		7D6288D82609477A00F50CE1 /* CharactersFilter.swift in Sources */ = {isa = PBXBuildFile; fileRef = 7D6288D72609477A00F50CE1 /* CharactersFilter.swift */; };
		7D84D49F2617C21C004CEEB4 /* NetworkRequestError.swift in Sources */ = {isa = PBXBuildFile; fileRef = 7D84D49E2617C21C004CEEB4 /* NetworkRequestError.swift */; };
		7D84D4A22617C8C9004CEEB4 /* NetworkRequestError.swift in Sources */ = {isa = PBXBuildFile; fileRef = 7D84D49E2617C21C004CEEB4 /* NetworkRequestError.swift */; };
		7D84D4A62617E1BE004CEEB4 /* ApiRequestError.swift in Sources */ = {isa = PBXBuildFile; fileRef = 7D84D4A52617E1BE004CEEB4 /* ApiRequestError.swift */; };
		7D84D4AE26180F0C004CEEB4 /* ImagesRequests.swift in Sources */ = {isa = PBXBuildFile; fileRef = 7D84D4AD26180F0C004CEEB4 /* ImagesRequests.swift */; };
		7D84D4C126181CB6004CEEB4 /* ImagesRequests.swift in Sources */ = {isa = PBXBuildFile; fileRef = 7D84D4AD26180F0C004CEEB4 /* ImagesRequests.swift */; };
		7D84D4C426181CBD004CEEB4 /* ApiRequestError.swift in Sources */ = {isa = PBXBuildFile; fileRef = 7D84D4A52617E1BE004CEEB4 /* ApiRequestError.swift */; };
		7D84D4C82618A9A8004CEEB4 /* Error404.json in Resources */ = {isa = PBXBuildFile; fileRef = 7D84D4C72618A9A8004CEEB4 /* Error404.json */; };
		7D9E8F59260D43DB008A736D /* NetworkService.swift in Sources */ = {isa = PBXBuildFile; fileRef = 7D9E8F58260D43DB008A736D /* NetworkService.swift */; };
		7D9E8F5F260D44D6008A736D /* RickAndMortyApi.swift in Sources */ = {isa = PBXBuildFile; fileRef = 7D9E8F5E260D44D6008A736D /* RickAndMortyApi.swift */; };
		7DAF0F802610FCC100750EEB /* LoadingReusableView.swift in Sources */ = {isa = PBXBuildFile; fileRef = 7DAF0F7F2610FCC100750EEB /* LoadingReusableView.swift */; };
		7DB5C39F260794F2008062F3 /* CharacterCollectionViewCell.swift in Sources */ = {isa = PBXBuildFile; fileRef = 7DB5C39E260794F2008062F3 /* CharacterCollectionViewCell.swift */; };
		7DB5C3A226079812008062F3 /* UIColorExtensions.swift in Sources */ = {isa = PBXBuildFile; fileRef = 7DB5C3A126079812008062F3 /* UIColorExtensions.swift */; };
		7DB5C3B92608008C008062F3 /* LayoutConstants.swift in Sources */ = {isa = PBXBuildFile; fileRef = 7DB5C3B82608008C008062F3 /* LayoutConstants.swift */; };
		7DB6D0A42606B55800F704C7 /* CharactersListViewController.swift in Sources */ = {isa = PBXBuildFile; fileRef = 7DB6D0A32606B55800F704C7 /* CharactersListViewController.swift */; };
		7DB6D0A72606B58900F704C7 /* CharactersListPresenter.swift in Sources */ = {isa = PBXBuildFile; fileRef = 7DB6D0A62606B58900F704C7 /* CharactersListPresenter.swift */; };
		7DB6D0B02606C57300F704C7 /* CharactersListPresenterProtocol.swift in Sources */ = {isa = PBXBuildFile; fileRef = 7DB6D0AF2606C57300F704C7 /* CharactersListPresenterProtocol.swift */; };
		7DB6D0B42606C59A00F704C7 /* CharactersListPresenterDelegate.swift in Sources */ = {isa = PBXBuildFile; fileRef = 7DB6D0B32606C59A00F704C7 /* CharactersListPresenterDelegate.swift */; };
		7DBA589A2619698400B6E219 /* Character1.json in Resources */ = {isa = PBXBuildFile; fileRef = 7DBA58992619698400B6E219 /* Character1.json */; };
		7DC2FE852606746500D497C1 /* CharacterData.swift in Sources */ = {isa = PBXBuildFile; fileRef = 7DC2FE842606746500D497C1 /* CharacterData.swift */; };
		7DC2FE882606749B00D497C1 /* LinkData.swift in Sources */ = {isa = PBXBuildFile; fileRef = 7DC2FE872606749B00D497C1 /* LinkData.swift */; };
		7DC2FE8B2606752900D497C1 /* InfoData.swift in Sources */ = {isa = PBXBuildFile; fileRef = 7DC2FE8A2606752900D497C1 /* InfoData.swift */; };
		7DC2FE8E2606756200D497C1 /* ResultData.swift in Sources */ = {isa = PBXBuildFile; fileRef = 7DC2FE8D2606756200D497C1 /* ResultData.swift */; };
		7DC2FE932606789F00D497C1 /* LocationData.swift in Sources */ = {isa = PBXBuildFile; fileRef = 7DC2FE922606789F00D497C1 /* LocationData.swift */; };
		7DC2FE962606798800D497C1 /* EpisodeData.swift in Sources */ = {isa = PBXBuildFile; fileRef = 7DC2FE952606798800D497C1 /* EpisodeData.swift */; };
		7DC8AD4E2614E8FE003BBB76 /* RickAndMortyApi.swift in Sources */ = {isa = PBXBuildFile; fileRef = 7D9E8F5E260D44D6008A736D /* RickAndMortyApi.swift */; };
		7DC8AD532614E90C003BBB76 /* ImagesService.swift in Sources */ = {isa = PBXBuildFile; fileRef = 7D079B7F260C3FC400C30CA7 /* ImagesService.swift */; };
		7DC8AD5C2614EB62003BBB76 /* URLProtocolStubs.swift in Sources */ = {isa = PBXBuildFile; fileRef = 7DC8AD5B2614EB62003BBB76 /* URLProtocolStubs.swift */; };
		7DCA7BE4260B79100043C33B /* ResultData.swift in Sources */ = {isa = PBXBuildFile; fileRef = 7DC2FE8D2606756200D497C1 /* ResultData.swift */; };
		7DCA7BE5260B79100043C33B /* InfoData.swift in Sources */ = {isa = PBXBuildFile; fileRef = 7DC2FE8A2606752900D497C1 /* InfoData.swift */; };
		7DCA7BE6260B79100043C33B /* EpisodeData.swift in Sources */ = {isa = PBXBuildFile; fileRef = 7DC2FE952606798800D497C1 /* EpisodeData.swift */; };
		7DCA7BE7260B79100043C33B /* LocationData.swift in Sources */ = {isa = PBXBuildFile; fileRef = 7DC2FE922606789F00D497C1 /* LocationData.swift */; };
		7DCA7BE8260B79100043C33B /* CharacterData.swift in Sources */ = {isa = PBXBuildFile; fileRef = 7DC2FE842606746500D497C1 /* CharacterData.swift */; };
		7DCA7BE9260B79100043C33B /* LinkData.swift in Sources */ = {isa = PBXBuildFile; fileRef = 7DC2FE872606749B00D497C1 /* LinkData.swift */; };
		7DCA7BEF260B79190043C33B /* CharactersFilter.swift in Sources */ = {isa = PBXBuildFile; fileRef = 7D6288D72609477A00F50CE1 /* CharactersFilter.swift */; };
		7DCA7BF2260B791E0043C33B /* CharactersListViewController.swift in Sources */ = {isa = PBXBuildFile; fileRef = 7DB6D0A32606B55800F704C7 /* CharactersListViewController.swift */; };
		7DCA7BF3260B791E0043C33B /* CharacterCollectionViewCell.swift in Sources */ = {isa = PBXBuildFile; fileRef = 7DB5C39E260794F2008062F3 /* CharacterCollectionViewCell.swift */; };
		7DCA7BF6260B79210043C33B /* CharacterFilterViewController.swift in Sources */ = {isa = PBXBuildFile; fileRef = 7D6288B826093BCF00F50CE1 /* CharacterFilterViewController.swift */; };
		7DCA7BF9260B792A0043C33B /* CharactersFilterPresenterProtocol.swift in Sources */ = {isa = PBXBuildFile; fileRef = 7DCB6F0E260A672E00B0DC64 /* CharactersFilterPresenterProtocol.swift */; };
		7DCA7BFA260B792A0043C33B /* CharactersFilterPresenter.swift in Sources */ = {isa = PBXBuildFile; fileRef = 7DCB6F16260A675B00B0DC64 /* CharactersFilterPresenter.swift */; };
		7DCA7BFB260B792A0043C33B /* CharactersFilterPresenterDelegate.swift in Sources */ = {isa = PBXBuildFile; fileRef = 7DCB6F12260A674D00B0DC64 /* CharactersFilterPresenterDelegate.swift */; };
		7DCA7BFC260B792A0043C33B /* CharactersFilterParentDelegate.swift in Sources */ = {isa = PBXBuildFile; fileRef = 7DCB6F3A260AE52D00B0DC64 /* CharactersFilterParentDelegate.swift */; };
		7DCA7BFF260B79300043C33B /* LayoutConstants.swift in Sources */ = {isa = PBXBuildFile; fileRef = 7DB5C3B82608008C008062F3 /* LayoutConstants.swift */; };
		7DCA7C01260B79350043C33B /* UILabelExtensions.swift in Sources */ = {isa = PBXBuildFile; fileRef = 7DCB6F25260A6ED800B0DC64 /* UILabelExtensions.swift */; };
		7DCA7C02260B79350043C33B /* UITextFieldExtensions.swift in Sources */ = {isa = PBXBuildFile; fileRef = 7DCB6F21260A6DAC00B0DC64 /* UITextFieldExtensions.swift */; };
		7DCA7C03260B79350043C33B /* UIColorExtensions.swift in Sources */ = {isa = PBXBuildFile; fileRef = 7DB5C3A126079812008062F3 /* UIColorExtensions.swift */; };
		7DCA7C0C260B7CAC0043C33B /* CharactersFilterTests.swift in Sources */ = {isa = PBXBuildFile; fileRef = 7DCA7C0B260B7CAC0043C33B /* CharactersFilterTests.swift */; };
		7DCA7C16260BCD0F0043C33B /* CharacterCollectionCellDelegate.swift in Sources */ = {isa = PBXBuildFile; fileRef = 7DCA7C15260BCD0F0043C33B /* CharacterCollectionCellDelegate.swift */; };
		7DCB6F0F260A672E00B0DC64 /* CharactersFilterPresenterProtocol.swift in Sources */ = {isa = PBXBuildFile; fileRef = 7DCB6F0E260A672E00B0DC64 /* CharactersFilterPresenterProtocol.swift */; };
		7DCB6F13260A674D00B0DC64 /* CharactersFilterPresenterDelegate.swift in Sources */ = {isa = PBXBuildFile; fileRef = 7DCB6F12260A674D00B0DC64 /* CharactersFilterPresenterDelegate.swift */; };
		7DCB6F17260A675B00B0DC64 /* CharactersFilterPresenter.swift in Sources */ = {isa = PBXBuildFile; fileRef = 7DCB6F16260A675B00B0DC64 /* CharactersFilterPresenter.swift */; };
		7DCB6F22260A6DAC00B0DC64 /* UITextFieldExtensions.swift in Sources */ = {isa = PBXBuildFile; fileRef = 7DCB6F21260A6DAC00B0DC64 /* UITextFieldExtensions.swift */; };
		7DCB6F26260A6ED800B0DC64 /* UILabelExtensions.swift in Sources */ = {isa = PBXBuildFile; fileRef = 7DCB6F25260A6ED800B0DC64 /* UILabelExtensions.swift */; };
		7DCB6F3B260AE52D00B0DC64 /* CharactersFilterParentDelegate.swift in Sources */ = {isa = PBXBuildFile; fileRef = 7DCB6F3A260AE52D00B0DC64 /* CharactersFilterParentDelegate.swift */; };
		7DD9C125260E5FA800B10D9A /* UIScrollViewExtension.swift in Sources */ = {isa = PBXBuildFile; fileRef = 7DD9C124260E5FA800B10D9A /* UIScrollViewExtension.swift */; };
		7DE0717526138EC0008C1110 /* NetworkService.swift in Sources */ = {isa = PBXBuildFile; fileRef = 7D9E8F58260D43DB008A736D /* NetworkService.swift */; };
		7DE0717926138F0A008C1110 /* RickAndMortyApiTests.swift in Sources */ = {isa = PBXBuildFile; fileRef = 7DE0717826138F0A008C1110 /* RickAndMortyApiTests.swift */; };
/* End PBXBuildFile section */

/* Begin PBXFileReference section */
		7D079B7F260C3FC400C30CA7 /* ImagesService.swift */ = {isa = PBXFileReference; lastKnownFileType = sourcecode.swift; path = ImagesService.swift; sourceTree = "<group>"; };
		7D379A56261A81B60087F41B /* ImagesServiceTests.swift */ = {isa = PBXFileReference; lastKnownFileType = sourcecode.swift; path = ImagesServiceTests.swift; sourceTree = "<group>"; };
		7D379A5E261A95620087F41B /* 00.jpeg */ = {isa = PBXFileReference; lastKnownFileType = image.jpeg; path = 00.jpeg; sourceTree = "<group>"; };
		7D5342892614F40C005E8A15 /* NetworkServiceTests.swift */ = {isa = PBXFileReference; lastKnownFileType = sourcecode.swift; path = NetworkServiceTests.swift; sourceTree = "<group>"; };
		7D5342A326150095005E8A15 /* TestURLs.swift */ = {isa = PBXFileReference; lastKnownFileType = sourcecode.swift; path = TestURLs.swift; sourceTree = "<group>"; };
		7D5342AB261505C6005E8A15 /* CharactersPage1.json */ = {isa = PBXFileReference; lastKnownFileType = text.json; path = CharactersPage1.json; sourceTree = "<group>"; };
		7D55793E2606344B00CF5C7A /* RickAndMortyApp.app */ = {isa = PBXFileReference; explicitFileType = wrapper.application; includeInIndex = 0; path = RickAndMortyApp.app; sourceTree = BUILT_PRODUCTS_DIR; };
		7D5579412606344B00CF5C7A /* AppDelegate.swift */ = {isa = PBXFileReference; lastKnownFileType = sourcecode.swift; path = AppDelegate.swift; sourceTree = "<group>"; };
		7D55794A2606344C00CF5C7A /* Assets.xcassets */ = {isa = PBXFileReference; lastKnownFileType = folder.assetcatalog; path = Assets.xcassets; sourceTree = "<group>"; };
		7D55794D2606344C00CF5C7A /* Base */ = {isa = PBXFileReference; lastKnownFileType = file.storyboard; name = Base; path = Base.lproj/LaunchScreen.storyboard; sourceTree = "<group>"; };
		7D55794F2606344C00CF5C7A /* Info.plist */ = {isa = PBXFileReference; lastKnownFileType = text.plist.xml; path = Info.plist; sourceTree = "<group>"; };
		7D5E37C92612B823006A41FC /* Cache.swift */ = {isa = PBXFileReference; lastKnownFileType = sourcecode.swift; path = Cache.swift; sourceTree = "<group>"; };
		7D5E37DE261358AA006A41FC /* ThreadSafeDictionary.swift */ = {isa = PBXFileReference; lastKnownFileType = sourcecode.swift; path = ThreadSafeDictionary.swift; sourceTree = "<group>"; };
		7D6288912609236700F50CE1 /* RickAndMortyAppTests.xctest */ = {isa = PBXFileReference; explicitFileType = wrapper.cfbundle; includeInIndex = 0; path = RickAndMortyAppTests.xctest; sourceTree = BUILT_PRODUCTS_DIR; };
		7D6288952609236700F50CE1 /* Info.plist */ = {isa = PBXFileReference; lastKnownFileType = text.plist.xml; path = Info.plist; sourceTree = "<group>"; };
		7D6288A12609248100F50CE1 /* CharactersCollectionPresenterTest.swift */ = {isa = PBXFileReference; lastKnownFileType = sourcecode.swift; path = CharactersCollectionPresenterTest.swift; sourceTree = "<group>"; };
		7D6288B826093BCF00F50CE1 /* CharacterFilterViewController.swift */ = {isa = PBXFileReference; lastKnownFileType = sourcecode.swift; path = CharacterFilterViewController.swift; sourceTree = "<group>"; };
		7D6288C5260942F200F50CE1 /* FilterProtocol.swift */ = {isa = PBXFileReference; lastKnownFileType = sourcecode.swift; path = FilterProtocol.swift; sourceTree = "<group>"; };
		7D6288CE260946A800F50CE1 /* FilterProtocolTests.swift */ = {isa = PBXFileReference; lastKnownFileType = sourcecode.swift; path = FilterProtocolTests.swift; sourceTree = "<group>"; };
		7D6288D72609477A00F50CE1 /* CharactersFilter.swift */ = {isa = PBXFileReference; lastKnownFileType = sourcecode.swift; path = CharactersFilter.swift; sourceTree = "<group>"; };
		7D84D49E2617C21C004CEEB4 /* NetworkRequestError.swift */ = {isa = PBXFileReference; lastKnownFileType = sourcecode.swift; path = NetworkRequestError.swift; sourceTree = "<group>"; };
		7D84D4A52617E1BE004CEEB4 /* ApiRequestError.swift */ = {isa = PBXFileReference; lastKnownFileType = sourcecode.swift; path = ApiRequestError.swift; sourceTree = "<group>"; };
		7D84D4AD26180F0C004CEEB4 /* ImagesRequests.swift */ = {isa = PBXFileReference; lastKnownFileType = sourcecode.swift; path = ImagesRequests.swift; sourceTree = "<group>"; };
		7D84D4C72618A9A8004CEEB4 /* Error404.json */ = {isa = PBXFileReference; lastKnownFileType = text.json; path = Error404.json; sourceTree = "<group>"; };
		7D9E8F58260D43DB008A736D /* NetworkService.swift */ = {isa = PBXFileReference; lastKnownFileType = sourcecode.swift; path = NetworkService.swift; sourceTree = "<group>"; };
		7D9E8F5E260D44D6008A736D /* RickAndMortyApi.swift */ = {isa = PBXFileReference; lastKnownFileType = sourcecode.swift; path = RickAndMortyApi.swift; sourceTree = "<group>"; };
		7DAF0F7F2610FCC100750EEB /* LoadingReusableView.swift */ = {isa = PBXFileReference; lastKnownFileType = sourcecode.swift; path = LoadingReusableView.swift; sourceTree = "<group>"; };
		7DB5C39E260794F2008062F3 /* CharacterCollectionViewCell.swift */ = {isa = PBXFileReference; lastKnownFileType = sourcecode.swift; path = CharacterCollectionViewCell.swift; sourceTree = "<group>"; };
		7DB5C3A126079812008062F3 /* UIColorExtensions.swift */ = {isa = PBXFileReference; lastKnownFileType = sourcecode.swift; path = UIColorExtensions.swift; sourceTree = "<group>"; };
		7DB5C3B82608008C008062F3 /* LayoutConstants.swift */ = {isa = PBXFileReference; lastKnownFileType = sourcecode.swift; path = LayoutConstants.swift; sourceTree = "<group>"; };
		7DB6D0A32606B55800F704C7 /* CharactersListViewController.swift */ = {isa = PBXFileReference; lastKnownFileType = sourcecode.swift; path = CharactersListViewController.swift; sourceTree = "<group>"; };
		7DB6D0A62606B58900F704C7 /* CharactersListPresenter.swift */ = {isa = PBXFileReference; lastKnownFileType = sourcecode.swift; path = CharactersListPresenter.swift; sourceTree = "<group>"; };
		7DB6D0AF2606C57300F704C7 /* CharactersListPresenterProtocol.swift */ = {isa = PBXFileReference; lastKnownFileType = sourcecode.swift; path = CharactersListPresenterProtocol.swift; sourceTree = "<group>"; };
		7DB6D0B32606C59A00F704C7 /* CharactersListPresenterDelegate.swift */ = {isa = PBXFileReference; lastKnownFileType = sourcecode.swift; path = CharactersListPresenterDelegate.swift; sourceTree = "<group>"; };
		7DBA58992619698400B6E219 /* Character1.json */ = {isa = PBXFileReference; lastKnownFileType = text.json; path = Character1.json; sourceTree = "<group>"; };
		7DC2FE842606746500D497C1 /* CharacterData.swift */ = {isa = PBXFileReference; lastKnownFileType = sourcecode.swift; path = CharacterData.swift; sourceTree = "<group>"; };
		7DC2FE872606749B00D497C1 /* LinkData.swift */ = {isa = PBXFileReference; lastKnownFileType = sourcecode.swift; path = LinkData.swift; sourceTree = "<group>"; };
		7DC2FE8A2606752900D497C1 /* InfoData.swift */ = {isa = PBXFileReference; lastKnownFileType = sourcecode.swift; path = InfoData.swift; sourceTree = "<group>"; };
		7DC2FE8D2606756200D497C1 /* ResultData.swift */ = {isa = PBXFileReference; lastKnownFileType = sourcecode.swift; path = ResultData.swift; sourceTree = "<group>"; };
		7DC2FE922606789F00D497C1 /* LocationData.swift */ = {isa = PBXFileReference; lastKnownFileType = sourcecode.swift; path = LocationData.swift; sourceTree = "<group>"; };
		7DC2FE952606798800D497C1 /* EpisodeData.swift */ = {isa = PBXFileReference; lastKnownFileType = sourcecode.swift; path = EpisodeData.swift; sourceTree = "<group>"; };
		7DC8AD5B2614EB62003BBB76 /* URLProtocolStubs.swift */ = {isa = PBXFileReference; lastKnownFileType = sourcecode.swift; path = URLProtocolStubs.swift; sourceTree = "<group>"; };
		7DCA7C0B260B7CAC0043C33B /* CharactersFilterTests.swift */ = {isa = PBXFileReference; lastKnownFileType = sourcecode.swift; path = CharactersFilterTests.swift; sourceTree = "<group>"; };
		7DCA7C15260BCD0F0043C33B /* CharacterCollectionCellDelegate.swift */ = {isa = PBXFileReference; lastKnownFileType = sourcecode.swift; path = CharacterCollectionCellDelegate.swift; sourceTree = "<group>"; };
		7DCB6F0E260A672E00B0DC64 /* CharactersFilterPresenterProtocol.swift */ = {isa = PBXFileReference; lastKnownFileType = sourcecode.swift; path = CharactersFilterPresenterProtocol.swift; sourceTree = "<group>"; };
		7DCB6F12260A674D00B0DC64 /* CharactersFilterPresenterDelegate.swift */ = {isa = PBXFileReference; lastKnownFileType = sourcecode.swift; path = CharactersFilterPresenterDelegate.swift; sourceTree = "<group>"; };
		7DCB6F16260A675B00B0DC64 /* CharactersFilterPresenter.swift */ = {isa = PBXFileReference; lastKnownFileType = sourcecode.swift; path = CharactersFilterPresenter.swift; sourceTree = "<group>"; };
		7DCB6F21260A6DAC00B0DC64 /* UITextFieldExtensions.swift */ = {isa = PBXFileReference; lastKnownFileType = sourcecode.swift; path = UITextFieldExtensions.swift; sourceTree = "<group>"; };
		7DCB6F25260A6ED800B0DC64 /* UILabelExtensions.swift */ = {isa = PBXFileReference; lastKnownFileType = sourcecode.swift; path = UILabelExtensions.swift; sourceTree = "<group>"; };
		7DCB6F3A260AE52D00B0DC64 /* CharactersFilterParentDelegate.swift */ = {isa = PBXFileReference; lastKnownFileType = sourcecode.swift; path = CharactersFilterParentDelegate.swift; sourceTree = "<group>"; };
		7DD9C124260E5FA800B10D9A /* UIScrollViewExtension.swift */ = {isa = PBXFileReference; lastKnownFileType = sourcecode.swift; path = UIScrollViewExtension.swift; sourceTree = "<group>"; };
		7DE0717826138F0A008C1110 /* RickAndMortyApiTests.swift */ = {isa = PBXFileReference; lastKnownFileType = sourcecode.swift; path = RickAndMortyApiTests.swift; sourceTree = "<group>"; };
/* End PBXFileReference section */

/* Begin PBXFrameworksBuildPhase section */
		7D55793B2606344B00CF5C7A /* Frameworks */ = {
			isa = PBXFrameworksBuildPhase;
			buildActionMask = 2147483647;
			files = (
			);
			runOnlyForDeploymentPostprocessing = 0;
		};
		7D62888E2609236700F50CE1 /* Frameworks */ = {
			isa = PBXFrameworksBuildPhase;
			buildActionMask = 2147483647;
			files = (
			);
			runOnlyForDeploymentPostprocessing = 0;
		};
/* End PBXFrameworksBuildPhase section */

/* Begin PBXGroup section */
		7D4C352E2608D87C00B714BA /* Others */ = {
			isa = PBXGroup;
			children = (
				7D5E37C92612B823006A41FC /* Cache.swift */,
				7DB5C3B82608008C008062F3 /* LayoutConstants.swift */,
				7D5E37DE261358AA006A41FC /* ThreadSafeDictionary.swift */,
			);
			path = Others;
			sourceTree = "<group>";
		};
		7D4C35302608D88800B714BA /* Extensions */ = {
			isa = PBXGroup;
			children = (
				7DB5C3A126079812008062F3 /* UIColorExtensions.swift */,
				7DCB6F25260A6ED800B0DC64 /* UILabelExtensions.swift */,
				7DD9C124260E5FA800B10D9A /* UIScrollViewExtension.swift */,
				7DCB6F21260A6DAC00B0DC64 /* UITextFieldExtensions.swift */,
			);
			path = Extensions;
			sourceTree = "<group>";
		};
		7D5342B3261507D7005E8A15 /* Stubs */ = {
			isa = PBXGroup;
			children = (
				7DC8AD5B2614EB62003BBB76 /* URLProtocolStubs.swift */,
				7D5342A326150095005E8A15 /* TestURLs.swift */,
				7D5342AB261505C6005E8A15 /* CharactersPage1.json */,
				7DBA58992619698400B6E219 /* Character1.json */,
				7D84D4C72618A9A8004CEEB4 /* Error404.json */,
				7D379A5E261A95620087F41B /* 00.jpeg */,
			);
			path = Stubs;
			sourceTree = "<group>";
		};
		7D5579352606344B00CF5C7A = {
			isa = PBXGroup;
			children = (
				7D5579402606344B00CF5C7A /* RickAndMortyApp */,
				7D6288922609236700F50CE1 /* RickAndMortyAppTests */,
				7D55793F2606344B00CF5C7A /* Products */,
			);
			sourceTree = "<group>";
		};
		7D55793F2606344B00CF5C7A /* Products */ = {
			isa = PBXGroup;
			children = (
				7D55793E2606344B00CF5C7A /* RickAndMortyApp.app */,
				7D6288912609236700F50CE1 /* RickAndMortyAppTests.xctest */,
			);
			name = Products;
			sourceTree = "<group>";
		};
		7D5579402606344B00CF5C7A /* RickAndMortyApp */ = {
			isa = PBXGroup;
			children = (
				7D5579562606346300CF5C7A /* AppFiles */,
				7DC2FE982606886700D497C1 /* Models */,
				7DB6D0AA2606C54300F704C7 /* Views */,
				7DB6D0AB2606C54C00F704C7 /* Presenters */,
				7D4C35302608D88800B714BA /* Extensions */,
				7DB6D0AC2606C55500F704C7 /* Services */,
				7D4C352E2608D87C00B714BA /* Others */,
			);
			path = RickAndMortyApp;
			sourceTree = "<group>";
		};
		7D5579562606346300CF5C7A /* AppFiles */ = {
			isa = PBXGroup;
			children = (
				7D5579412606344B00CF5C7A /* AppDelegate.swift */,
				7D55794A2606344C00CF5C7A /* Assets.xcassets */,
				7D55794C2606344C00CF5C7A /* LaunchScreen.storyboard */,
				7D55794F2606344C00CF5C7A /* Info.plist */,
			);
			path = AppFiles;
			sourceTree = "<group>";
		};
		7D6288922609236700F50CE1 /* RickAndMortyAppTests */ = {
			isa = PBXGroup;
			children = (
				7DC8AD5A2614EB53003BBB76 /* Tests */,
				7D6288952609236700F50CE1 /* Info.plist */,
			);
			path = RickAndMortyAppTests;
			sourceTree = "<group>";
		};
		7D6288B0260924A600F50CE1 /* Presenters */ = {
			isa = PBXGroup;
			children = (
				7D6288A12609248100F50CE1 /* CharactersCollectionPresenterTest.swift */,
			);
			path = Presenters;
			sourceTree = "<group>";
		};
		7D6288BE26093E5A00F50CE1 /* CharactersFilter */ = {
			isa = PBXGroup;
			children = (
				7D6288B826093BCF00F50CE1 /* CharacterFilterViewController.swift */,
			);
			path = CharactersFilter;
			sourceTree = "<group>";
		};
		7D6288D2260946B400F50CE1 /* Filters */ = {
			isa = PBXGroup;
			children = (
				7D6288CE260946A800F50CE1 /* FilterProtocolTests.swift */,
				7DCA7C0B260B7CAC0043C33B /* CharactersFilterTests.swift */,
			);
			path = Filters;
			sourceTree = "<group>";
		};
		7DB5C395260791E9008062F3 /* APIData */ = {
			isa = PBXGroup;
			children = (
				7DC2FE8D2606756200D497C1 /* ResultData.swift */,
				7DC2FE8A2606752900D497C1 /* InfoData.swift */,
				7DC2FE872606749B00D497C1 /* LinkData.swift */,
				7DC2FE842606746500D497C1 /* CharacterData.swift */,
				7DC2FE922606789F00D497C1 /* LocationData.swift */,
				7DC2FE952606798800D497C1 /* EpisodeData.swift */,
			);
			path = APIData;
			sourceTree = "<group>";
		};
		7DB5C3AD2607C25C008062F3 /* CharactersCollection */ = {
			isa = PBXGroup;
			children = (
				7DB6D0A32606B55800F704C7 /* CharactersListViewController.swift */,
				7DB5C39E260794F2008062F3 /* CharacterCollectionViewCell.swift */,
				7DAF0F7F2610FCC100750EEB /* LoadingReusableView.swift */,
			);
			path = CharactersCollection;
			sourceTree = "<group>";
		};
		7DB6D0AA2606C54300F704C7 /* Views */ = {
			isa = PBXGroup;
			children = (
				7DB5C3AD2607C25C008062F3 /* CharactersCollection */,
				7D6288BE26093E5A00F50CE1 /* CharactersFilter */,
			);
			path = Views;
			sourceTree = "<group>";
		};
		7DB6D0AB2606C54C00F704C7 /* Presenters */ = {
			isa = PBXGroup;
			children = (
				7DB6D0AD2606C56700F704C7 /* CharactersList */,
				7DCB6F1C260A677700B0DC64 /* CharactersFilter */,
			);
			path = Presenters;
			sourceTree = "<group>";
		};
		7DB6D0AC2606C55500F704C7 /* Services */ = {
			isa = PBXGroup;
			children = (
				7D9E8F58260D43DB008A736D /* NetworkService.swift */,
				7D84D49E2617C21C004CEEB4 /* NetworkRequestError.swift */,
				7D079B7F260C3FC400C30CA7 /* ImagesService.swift */,
				7D84D4AD26180F0C004CEEB4 /* ImagesRequests.swift */,
				7D9E8F5E260D44D6008A736D /* RickAndMortyApi.swift */,
				7D84D4A52617E1BE004CEEB4 /* ApiRequestError.swift */,
			);
			path = Services;
			sourceTree = "<group>";
		};
		7DB6D0AD2606C56700F704C7 /* CharactersList */ = {
			isa = PBXGroup;
			children = (
				7DB6D0AF2606C57300F704C7 /* CharactersListPresenterProtocol.swift */,
				7DB6D0B32606C59A00F704C7 /* CharactersListPresenterDelegate.swift */,
				7DB6D0A62606B58900F704C7 /* CharactersListPresenter.swift */,
				7DCA7C15260BCD0F0043C33B /* CharacterCollectionCellDelegate.swift */,
			);
			path = CharactersList;
			sourceTree = "<group>";
		};
		7DC2FE982606886700D497C1 /* Models */ = {
			isa = PBXGroup;
			children = (
				7DB5C395260791E9008062F3 /* APIData */,
				7DCB6F33260ABFD800B0DC64 /* Filters */,
			);
			path = Models;
			sourceTree = "<group>";
		};
		7DC8AD5A2614EB53003BBB76 /* Tests */ = {
			isa = PBXGroup;
			children = (
				7D6288D2260946B400F50CE1 /* Filters */,
				7D6288B0260924A600F50CE1 /* Presenters */,
				7DE0717C26138F12008C1110 /* Services */,
				7D5342B3261507D7005E8A15 /* Stubs */,
			);
			path = Tests;
			sourceTree = "<group>";
		};
		7DCB6F1C260A677700B0DC64 /* CharactersFilter */ = {
			isa = PBXGroup;
			children = (
				7DCB6F0E260A672E00B0DC64 /* CharactersFilterPresenterProtocol.swift */,
				7DCB6F12260A674D00B0DC64 /* CharactersFilterPresenterDelegate.swift */,
				7DCB6F16260A675B00B0DC64 /* CharactersFilterPresenter.swift */,
				7DCB6F3A260AE52D00B0DC64 /* CharactersFilterParentDelegate.swift */,
			);
			path = CharactersFilter;
			sourceTree = "<group>";
		};
		7DCB6F33260ABFD800B0DC64 /* Filters */ = {
			isa = PBXGroup;
			children = (
				7D6288C5260942F200F50CE1 /* FilterProtocol.swift */,
				7D6288D72609477A00F50CE1 /* CharactersFilter.swift */,
			);
			path = Filters;
			sourceTree = "<group>";
		};
		7DE0717C26138F12008C1110 /* Services */ = {
			isa = PBXGroup;
			children = (
				7DE0717826138F0A008C1110 /* RickAndMortyApiTests.swift */,
				7D379A56261A81B60087F41B /* ImagesServiceTests.swift */,
				7D5342892614F40C005E8A15 /* NetworkServiceTests.swift */,
			);
			path = Services;
			sourceTree = "<group>";
		};
/* End PBXGroup section */

/* Begin PBXNativeTarget section */
		7D55793D2606344B00CF5C7A /* RickAndMortyApp */ = {
			isa = PBXNativeTarget;
			buildConfigurationList = 7D5579522606344C00CF5C7A /* Build configuration list for PBXNativeTarget "RickAndMortyApp" */;
			buildPhases = (
				7D55793A2606344B00CF5C7A /* Sources */,
				7D55793B2606344B00CF5C7A /* Frameworks */,
				7D55793C2606344B00CF5C7A /* Resources */,
			);
			buildRules = (
			);
			dependencies = (
			);
			name = RickAndMortyApp;
			productName = RickAndMortyApp;
			productReference = 7D55793E2606344B00CF5C7A /* RickAndMortyApp.app */;
			productType = "com.apple.product-type.application";
		};
		7D6288902609236700F50CE1 /* RickAndMortyAppTests */ = {
			isa = PBXNativeTarget;
			buildConfigurationList = 7D6288962609236700F50CE1 /* Build configuration list for PBXNativeTarget "RickAndMortyAppTests" */;
			buildPhases = (
				7D62888D2609236700F50CE1 /* Sources */,
				7D62888E2609236700F50CE1 /* Frameworks */,
				7D62888F2609236700F50CE1 /* Resources */,
			);
			buildRules = (
			);
			dependencies = (
			);
			name = RickAndMortyAppTests;
			productName = RickAndMortyAppTests;
			productReference = 7D6288912609236700F50CE1 /* RickAndMortyAppTests.xctest */;
			productType = "com.apple.product-type.bundle.unit-test";
		};
/* End PBXNativeTarget section */

/* Begin PBXProject section */
		7D5579362606344B00CF5C7A /* Project object */ = {
			isa = PBXProject;
			attributes = {
				LastSwiftUpdateCheck = 1240;
				LastUpgradeCheck = 1240;
				TargetAttributes = {
					7D55793D2606344B00CF5C7A = {
						CreatedOnToolsVersion = 12.4;
					};
					7D6288902609236700F50CE1 = {
						CreatedOnToolsVersion = 12.4;
						LastSwiftMigration = 1240;
					};
				};
			};
			buildConfigurationList = 7D5579392606344B00CF5C7A /* Build configuration list for PBXProject "RickAndMortyApp" */;
			compatibilityVersion = "Xcode 9.3";
			developmentRegion = en;
			hasScannedForEncodings = 0;
			knownRegions = (
				en,
				Base,
			);
			mainGroup = 7D5579352606344B00CF5C7A;
			productRefGroup = 7D55793F2606344B00CF5C7A /* Products */;
			projectDirPath = "";
			projectRoot = "";
			targets = (
				7D55793D2606344B00CF5C7A /* RickAndMortyApp */,
				7D6288902609236700F50CE1 /* RickAndMortyAppTests */,
			);
		};
/* End PBXProject section */

/* Begin PBXResourcesBuildPhase section */
		7D55793C2606344B00CF5C7A /* Resources */ = {
			isa = PBXResourcesBuildPhase;
			buildActionMask = 2147483647;
			files = (
				7D55794E2606344C00CF5C7A /* LaunchScreen.storyboard in Resources */,
				7D55794B2606344C00CF5C7A /* Assets.xcassets in Resources */,
			);
			runOnlyForDeploymentPostprocessing = 0;
		};
		7D62888F2609236700F50CE1 /* Resources */ = {
			isa = PBXResourcesBuildPhase;
			buildActionMask = 2147483647;
			files = (
				7DBA589A2619698400B6E219 /* Character1.json in Resources */,
				7D5342AC261505C6005E8A15 /* CharactersPage1.json in Resources */,
				7D84D4C82618A9A8004CEEB4 /* Error404.json in Resources */,
				7D379A5F261A95630087F41B /* 00.jpeg in Resources */,
			);
			runOnlyForDeploymentPostprocessing = 0;
		};
/* End PBXResourcesBuildPhase section */

/* Begin PBXSourcesBuildPhase section */
		7D55793A2606344B00CF5C7A /* Sources */ = {
			isa = PBXSourcesBuildPhase;
			buildActionMask = 2147483647;
			files = (
				7D6288C6260942F200F50CE1 /* FilterProtocol.swift in Sources */,
				7DB5C39F260794F2008062F3 /* CharacterCollectionViewCell.swift in Sources */,
				7DCB6F22260A6DAC00B0DC64 /* UITextFieldExtensions.swift in Sources */,
				7DB6D0A72606B58900F704C7 /* CharactersListPresenter.swift in Sources */,
				7DCB6F17260A675B00B0DC64 /* CharactersFilterPresenter.swift in Sources */,
				7DCB6F13260A674D00B0DC64 /* CharactersFilterPresenterDelegate.swift in Sources */,
				7DB6D0B42606C59A00F704C7 /* CharactersListPresenterDelegate.swift in Sources */,
				7DC2FE882606749B00D497C1 /* LinkData.swift in Sources */,
				7DC2FE8E2606756200D497C1 /* ResultData.swift in Sources */,
				7D6288D82609477A00F50CE1 /* CharactersFilter.swift in Sources */,
				7DC2FE962606798800D497C1 /* EpisodeData.swift in Sources */,
				7D5E37DF261358AA006A41FC /* ThreadSafeDictionary.swift in Sources */,
				7D84D4A62617E1BE004CEEB4 /* ApiRequestError.swift in Sources */,
				7DC2FE8B2606752900D497C1 /* InfoData.swift in Sources */,
				7DCB6F0F260A672E00B0DC64 /* CharactersFilterPresenterProtocol.swift in Sources */,
				7D079B80260C3FC400C30CA7 /* ImagesService.swift in Sources */,
				7D5579422606344B00CF5C7A /* AppDelegate.swift in Sources */,
				7DCB6F26260A6ED800B0DC64 /* UILabelExtensions.swift in Sources */,
				7D84D49F2617C21C004CEEB4 /* NetworkRequestError.swift in Sources */,
				7D5E37CA2612B823006A41FC /* Cache.swift in Sources */,
				7D6288B926093BCF00F50CE1 /* CharacterFilterViewController.swift in Sources */,
				7DC2FE932606789F00D497C1 /* LocationData.swift in Sources */,
				7DB5C3A226079812008062F3 /* UIColorExtensions.swift in Sources */,
				7DC2FE852606746500D497C1 /* CharacterData.swift in Sources */,
				7D9E8F5F260D44D6008A736D /* RickAndMortyApi.swift in Sources */,
				7DB6D0B02606C57300F704C7 /* CharactersListPresenterProtocol.swift in Sources */,
				7DAF0F802610FCC100750EEB /* LoadingReusableView.swift in Sources */,
				7DCA7C16260BCD0F0043C33B /* CharacterCollectionCellDelegate.swift in Sources */,
				7DCB6F3B260AE52D00B0DC64 /* CharactersFilterParentDelegate.swift in Sources */,
				7D9E8F59260D43DB008A736D /* NetworkService.swift in Sources */,
				7DB6D0A42606B55800F704C7 /* CharactersListViewController.swift in Sources */,
				7DB5C3B92608008C008062F3 /* LayoutConstants.swift in Sources */,
				7DD9C125260E5FA800B10D9A /* UIScrollViewExtension.swift in Sources */,
				7D84D4AE26180F0C004CEEB4 /* ImagesRequests.swift in Sources */,
			);
			runOnlyForDeploymentPostprocessing = 0;
		};
		7D62888D2609236700F50CE1 /* Sources */ = {
			isa = PBXSourcesBuildPhase;
			buildActionMask = 2147483647;
			files = (
				7D6288AD2609249700F50CE1 /* CharactersListPresenter.swift in Sources */,
				7DC8AD4E2614E8FE003BBB76 /* RickAndMortyApi.swift in Sources */,
				7D53428D2614F6E9005E8A15 /* LoadingReusableView.swift in Sources */,
				7D53428A2614F40C005E8A15 /* NetworkServiceTests.swift in Sources */,
				7D6288AA2609249300F50CE1 /* CharactersListPresenterProtocol.swift in Sources */,
				7D6288A22609248100F50CE1 /* CharactersCollectionPresenterTest.swift in Sources */,
				7DCA7BEF260B79190043C33B /* CharactersFilter.swift in Sources */,
				7DCA7BE9260B79100043C33B /* LinkData.swift in Sources */,
				7DCA7BE5260B79100043C33B /* InfoData.swift in Sources */,
				7D5E37D926135893006A41FC /* Cache.swift in Sources */,
				7DCA7BF9260B792A0043C33B /* CharactersFilterPresenterProtocol.swift in Sources */,
				7DC8AD5C2614EB62003BBB76 /* URLProtocolStubs.swift in Sources */,
				7DC8AD532614E90C003BBB76 /* ImagesService.swift in Sources */,
				7DCA7BF3260B791E0043C33B /* CharacterCollectionViewCell.swift in Sources */,
				7DCA7BFC260B792A0043C33B /* CharactersFilterParentDelegate.swift in Sources */,
				7DCA7BFA260B792A0043C33B /* CharactersFilterPresenter.swift in Sources */,
				7DCA7C02260B79350043C33B /* UITextFieldExtensions.swift in Sources */,
				7DCA7C0C260B7CAC0043C33B /* CharactersFilterTests.swift in Sources */,
				7D5342A426150095005E8A15 /* TestURLs.swift in Sources */,
				7DE0717526138EC0008C1110 /* NetworkService.swift in Sources */,
				7D6288CB2609465900F50CE1 /* FilterProtocol.swift in Sources */,
				7D84D4C426181CBD004CEEB4 /* ApiRequestError.swift in Sources */,
				7D379A57261A81B60087F41B /* ImagesServiceTests.swift in Sources */,
				7D5342932614F703005E8A15 /* UIScrollViewExtension.swift in Sources */,
				7DCA7BE8260B79100043C33B /* CharacterData.swift in Sources */,
				7D5342962614F70F005E8A15 /* ThreadSafeDictionary.swift in Sources */,
				7D84D4C126181CB6004CEEB4 /* ImagesRequests.swift in Sources */,
				7DCA7C03260B79350043C33B /* UIColorExtensions.swift in Sources */,
				7DE0717926138F0A008C1110 /* RickAndMortyApiTests.swift in Sources */,
				7DCA7BF2260B791E0043C33B /* CharactersListViewController.swift in Sources */,
				7DCA7BE4260B79100043C33B /* ResultData.swift in Sources */,
				7D6288A72609248F00F50CE1 /* CharactersListPresenterDelegate.swift in Sources */,
				7DCA7BFF260B79300043C33B /* LayoutConstants.swift in Sources */,
				7DCA7C01260B79350043C33B /* UILabelExtensions.swift in Sources */,
				7D6288CF260946A800F50CE1 /* FilterProtocolTests.swift in Sources */,
				7DCA7BE7260B79100043C33B /* LocationData.swift in Sources */,
				7D84D4A22617C8C9004CEEB4 /* NetworkRequestError.swift in Sources */,
				7DCA7BFB260B792A0043C33B /* CharactersFilterPresenterDelegate.swift in Sources */,
				7DCA7BF6260B79210043C33B /* CharacterFilterViewController.swift in Sources */,
				7D5342902614F6F8005E8A15 /* CharacterCollectionCellDelegate.swift in Sources */,
				7DCA7BE6260B79100043C33B /* EpisodeData.swift in Sources */,
			);
			runOnlyForDeploymentPostprocessing = 0;
		};
/* End PBXSourcesBuildPhase section */

/* Begin PBXVariantGroup section */
		7D55794C2606344C00CF5C7A /* LaunchScreen.storyboard */ = {
			isa = PBXVariantGroup;
			children = (
				7D55794D2606344C00CF5C7A /* Base */,
			);
			name = LaunchScreen.storyboard;
			sourceTree = "<group>";
		};
/* End PBXVariantGroup section */

/* Begin XCBuildConfiguration section */
		7D5579502606344C00CF5C7A /* Debug */ = {
			isa = XCBuildConfiguration;
			buildSettings = {
				ALWAYS_SEARCH_USER_PATHS = NO;
				CLANG_ANALYZER_NONNULL = YES;
				CLANG_ANALYZER_NUMBER_OBJECT_CONVERSION = YES_AGGRESSIVE;
				CLANG_CXX_LANGUAGE_STANDARD = "gnu++14";
				CLANG_CXX_LIBRARY = "libc++";
				CLANG_ENABLE_MODULES = YES;
				CLANG_ENABLE_OBJC_ARC = YES;
				CLANG_ENABLE_OBJC_WEAK = YES;
				CLANG_WARN_BLOCK_CAPTURE_AUTORELEASING = YES;
				CLANG_WARN_BOOL_CONVERSION = YES;
				CLANG_WARN_COMMA = YES;
				CLANG_WARN_CONSTANT_CONVERSION = YES;
				CLANG_WARN_DEPRECATED_OBJC_IMPLEMENTATIONS = YES;
				CLANG_WARN_DIRECT_OBJC_ISA_USAGE = YES_ERROR;
				CLANG_WARN_DOCUMENTATION_COMMENTS = YES;
				CLANG_WARN_EMPTY_BODY = YES;
				CLANG_WARN_ENUM_CONVERSION = YES;
				CLANG_WARN_INFINITE_RECURSION = YES;
				CLANG_WARN_INT_CONVERSION = YES;
				CLANG_WARN_NON_LITERAL_NULL_CONVERSION = YES;
				CLANG_WARN_OBJC_IMPLICIT_RETAIN_SELF = YES;
				CLANG_WARN_OBJC_LITERAL_CONVERSION = YES;
				CLANG_WARN_OBJC_ROOT_CLASS = YES_ERROR;
				CLANG_WARN_QUOTED_INCLUDE_IN_FRAMEWORK_HEADER = YES;
				CLANG_WARN_RANGE_LOOP_ANALYSIS = YES;
				CLANG_WARN_STRICT_PROTOTYPES = YES;
				CLANG_WARN_SUSPICIOUS_MOVE = YES;
				CLANG_WARN_UNGUARDED_AVAILABILITY = YES_AGGRESSIVE;
				CLANG_WARN_UNREACHABLE_CODE = YES;
				CLANG_WARN__DUPLICATE_METHOD_MATCH = YES;
				COPY_PHASE_STRIP = NO;
				DEBUG_INFORMATION_FORMAT = dwarf;
				ENABLE_STRICT_OBJC_MSGSEND = YES;
				ENABLE_TESTABILITY = YES;
				GCC_C_LANGUAGE_STANDARD = gnu11;
				GCC_DYNAMIC_NO_PIC = NO;
				GCC_NO_COMMON_BLOCKS = YES;
				GCC_OPTIMIZATION_LEVEL = 0;
				GCC_PREPROCESSOR_DEFINITIONS = (
					"DEBUG=1",
					"$(inherited)",
				);
				GCC_WARN_64_TO_32_BIT_CONVERSION = YES;
				GCC_WARN_ABOUT_RETURN_TYPE = YES_ERROR;
				GCC_WARN_UNDECLARED_SELECTOR = YES;
				GCC_WARN_UNINITIALIZED_AUTOS = YES_AGGRESSIVE;
				GCC_WARN_UNUSED_FUNCTION = YES;
				GCC_WARN_UNUSED_VARIABLE = YES;
				IPHONEOS_DEPLOYMENT_TARGET = 12.3;
				MTL_ENABLE_DEBUG_INFO = INCLUDE_SOURCE;
				MTL_FAST_MATH = YES;
				ONLY_ACTIVE_ARCH = YES;
				SDKROOT = iphoneos;
				SWIFT_ACTIVE_COMPILATION_CONDITIONS = DEBUG;
				SWIFT_OPTIMIZATION_LEVEL = "-Onone";
			};
			name = Debug;
		};
		7D5579512606344C00CF5C7A /* Release */ = {
			isa = XCBuildConfiguration;
			buildSettings = {
				ALWAYS_SEARCH_USER_PATHS = NO;
				CLANG_ANALYZER_NONNULL = YES;
				CLANG_ANALYZER_NUMBER_OBJECT_CONVERSION = YES_AGGRESSIVE;
				CLANG_CXX_LANGUAGE_STANDARD = "gnu++14";
				CLANG_CXX_LIBRARY = "libc++";
				CLANG_ENABLE_MODULES = YES;
				CLANG_ENABLE_OBJC_ARC = YES;
				CLANG_ENABLE_OBJC_WEAK = YES;
				CLANG_WARN_BLOCK_CAPTURE_AUTORELEASING = YES;
				CLANG_WARN_BOOL_CONVERSION = YES;
				CLANG_WARN_COMMA = YES;
				CLANG_WARN_CONSTANT_CONVERSION = YES;
				CLANG_WARN_DEPRECATED_OBJC_IMPLEMENTATIONS = YES;
				CLANG_WARN_DIRECT_OBJC_ISA_USAGE = YES_ERROR;
				CLANG_WARN_DOCUMENTATION_COMMENTS = YES;
				CLANG_WARN_EMPTY_BODY = YES;
				CLANG_WARN_ENUM_CONVERSION = YES;
				CLANG_WARN_INFINITE_RECURSION = YES;
				CLANG_WARN_INT_CONVERSION = YES;
				CLANG_WARN_NON_LITERAL_NULL_CONVERSION = YES;
				CLANG_WARN_OBJC_IMPLICIT_RETAIN_SELF = YES;
				CLANG_WARN_OBJC_LITERAL_CONVERSION = YES;
				CLANG_WARN_OBJC_ROOT_CLASS = YES_ERROR;
				CLANG_WARN_QUOTED_INCLUDE_IN_FRAMEWORK_HEADER = YES;
				CLANG_WARN_RANGE_LOOP_ANALYSIS = YES;
				CLANG_WARN_STRICT_PROTOTYPES = YES;
				CLANG_WARN_SUSPICIOUS_MOVE = YES;
				CLANG_WARN_UNGUARDED_AVAILABILITY = YES_AGGRESSIVE;
				CLANG_WARN_UNREACHABLE_CODE = YES;
				CLANG_WARN__DUPLICATE_METHOD_MATCH = YES;
				COPY_PHASE_STRIP = NO;
				DEBUG_INFORMATION_FORMAT = "dwarf-with-dsym";
				ENABLE_NS_ASSERTIONS = NO;
				ENABLE_STRICT_OBJC_MSGSEND = YES;
				GCC_C_LANGUAGE_STANDARD = gnu11;
				GCC_NO_COMMON_BLOCKS = YES;
				GCC_WARN_64_TO_32_BIT_CONVERSION = YES;
				GCC_WARN_ABOUT_RETURN_TYPE = YES_ERROR;
				GCC_WARN_UNDECLARED_SELECTOR = YES;
				GCC_WARN_UNINITIALIZED_AUTOS = YES_AGGRESSIVE;
				GCC_WARN_UNUSED_FUNCTION = YES;
				GCC_WARN_UNUSED_VARIABLE = YES;
				IPHONEOS_DEPLOYMENT_TARGET = 12.3;
				MTL_ENABLE_DEBUG_INFO = NO;
				MTL_FAST_MATH = YES;
				SDKROOT = iphoneos;
				SWIFT_COMPILATION_MODE = wholemodule;
				SWIFT_OPTIMIZATION_LEVEL = "-O";
				VALIDATE_PRODUCT = YES;
			};
			name = Release;
		};
		7D5579532606344C00CF5C7A /* Debug */ = {
			isa = XCBuildConfiguration;
			buildSettings = {
				ASSETCATALOG_COMPILER_APPICON_NAME = AppIcon;
				ASSETCATALOG_COMPILER_GLOBAL_ACCENT_COLOR_NAME = AccentColor;
				CODE_SIGN_IDENTITY = "Apple Development";
				CODE_SIGN_STYLE = Manual;
				DEVELOPMENT_TEAM = "";
				INFOPLIST_FILE = "$(SRCROOT)/RickAndMortyApp/AppFiles/Info.plist";
				LD_RUNPATH_SEARCH_PATHS = (
					"$(inherited)",
					"@executable_path/Frameworks",
				);
				PRODUCT_BUNDLE_IDENTIFIER = com.example.rickandmortyapp;
				PRODUCT_NAME = "$(TARGET_NAME)";
				PROVISIONING_PROFILE_SPECIFIER = "";
				SWIFT_VERSION = 5.0;
				TARGETED_DEVICE_FAMILY = "1,2";
			};
			name = Debug;
		};
		7D5579542606344C00CF5C7A /* Release */ = {
			isa = XCBuildConfiguration;
			buildSettings = {
				ASSETCATALOG_COMPILER_APPICON_NAME = AppIcon;
				ASSETCATALOG_COMPILER_GLOBAL_ACCENT_COLOR_NAME = AccentColor;
				CODE_SIGN_IDENTITY = "Apple Development";
				CODE_SIGN_STYLE = Manual;
				DEVELOPMENT_TEAM = "";
				INFOPLIST_FILE = "$(SRCROOT)/RickAndMortyApp/AppFiles/Info.plist";
				LD_RUNPATH_SEARCH_PATHS = (
					"$(inherited)",
					"@executable_path/Frameworks",
				);
				PRODUCT_BUNDLE_IDENTIFIER = com.example.rickandmortyapp;
				PRODUCT_NAME = "$(TARGET_NAME)";
				PROVISIONING_PROFILE_SPECIFIER = "";
				SWIFT_VERSION = 5.0;
				TARGETED_DEVICE_FAMILY = "1,2";
			};
			name = Release;
		};
		7D6288972609236700F50CE1 /* Debug */ = {
			isa = XCBuildConfiguration;
			buildSettings = {
				CLANG_ENABLE_MODULES = YES;
				CODE_SIGN_STYLE = Manual;
				DEVELOPMENT_TEAM = "";
				INFOPLIST_FILE = RickAndMortyAppTests/Info.plist;
				IPHONEOS_DEPLOYMENT_TARGET = 14.4;
				LD_RUNPATH_SEARCH_PATHS = (
					"$(inherited)",
					"@executable_path/Frameworks",
					"@loader_path/Frameworks",
				);
				PRODUCT_BUNDLE_IDENTIFIER = com.example.RickAndMortyAppTests;
				"PRODUCT_BUNDLE_IDENTIFIER[sdk=macosx*]" = "";
				PRODUCT_NAME = "$(TARGET_NAME)";
				PROVISIONING_PROFILE_SPECIFIER = "";
				"PROVISIONING_PROFILE_SPECIFIER[sdk=macosx*]" = "";
				SWIFT_OPTIMIZATION_LEVEL = "-Onone";
				SWIFT_VERSION = 5.0;
				TARGETED_DEVICE_FAMILY = "1,2";
			};
			name = Debug;
		};
		7D6288982609236700F50CE1 /* Release */ = {
			isa = XCBuildConfiguration;
			buildSettings = {
				CLANG_ENABLE_MODULES = YES;
				CODE_SIGN_STYLE = Manual;
				DEVELOPMENT_TEAM = "";
				INFOPLIST_FILE = RickAndMortyAppTests/Info.plist;
				IPHONEOS_DEPLOYMENT_TARGET = 14.4;
				LD_RUNPATH_SEARCH_PATHS = (
					"$(inherited)",
					"@executable_path/Frameworks",
					"@loader_path/Frameworks",
				);
				PRODUCT_BUNDLE_IDENTIFIER = com.example.RickAndMortyAppTests;
				"PRODUCT_BUNDLE_IDENTIFIER[sdk=macosx*]" = "";
				PRODUCT_NAME = "$(TARGET_NAME)";
				PROVISIONING_PROFILE_SPECIFIER = "";
				"PROVISIONING_PROFILE_SPECIFIER[sdk=macosx*]" = "";
				SWIFT_VERSION = 5.0;
				TARGETED_DEVICE_FAMILY = "1,2";
			};
			name = Release;
		};
/* End XCBuildConfiguration section */

/* Begin XCConfigurationList section */
		7D5579392606344B00CF5C7A /* Build configuration list for PBXProject "RickAndMortyApp" */ = {
			isa = XCConfigurationList;
			buildConfigurations = (
				7D5579502606344C00CF5C7A /* Debug */,
				7D5579512606344C00CF5C7A /* Release */,
			);
			defaultConfigurationIsVisible = 0;
			defaultConfigurationName = Release;
		};
		7D5579522606344C00CF5C7A /* Build configuration list for PBXNativeTarget "RickAndMortyApp" */ = {
			isa = XCConfigurationList;
			buildConfigurations = (
				7D5579532606344C00CF5C7A /* Debug */,
				7D5579542606344C00CF5C7A /* Release */,
			);
			defaultConfigurationIsVisible = 0;
			defaultConfigurationName = Release;
		};
		7D6288962609236700F50CE1 /* Build configuration list for PBXNativeTarget "RickAndMortyAppTests" */ = {
			isa = XCConfigurationList;
			buildConfigurations = (
				7D6288972609236700F50CE1 /* Debug */,
				7D6288982609236700F50CE1 /* Release */,
			);
			defaultConfigurationIsVisible = 0;
			defaultConfigurationName = Release;
		};
/* End XCConfigurationList section */
	};
	rootObject = 7D5579362606344B00CF5C7A /* Project object */;
}
